
Microsoft Visual Studio Solution File, Format Version 12.00
# Visual Studio Version 17
VisualStudioVersion = 17.14.36429.23 d17.14
MinimumVisualStudioVersion = 10.0.40219.1
Project("{FAE04EC0-301F-11D3-BF4B-00C04F79EFBC}") = "ConversorMoneda", "ConversorMoneda\ConversorMoneda.csproj", "{913190BF-0870-42E3-AC9C-5DCBD4EBD6C5}"
EndProject
Global
	GlobalSection(SolutionConfigurationPlatforms) = preSolution
		Debug|Any CPU = Debug|Any CPU
		Release|Any CPU = Release|Any CPU
	EndGlobalSection
	GlobalSection(ProjectConfigurationPlatforms) = postSolution
		{913190BF-0870-42E3-AC9C-5DCBD4EBD6C5}.Debug|Any CPU.ActiveCfg = Debug|Any CPU
		{913190BF-0870-42E3-AC9C-5DCBD4EBD6C5}.Debug|Any CPU.Build.0 = Debug|Any CPU
		{913190BF-0870-42E3-AC9C-5DCBD4EBD6C5}.Release|Any CPU.ActiveCfg = Release|Any CPU
		{913190BF-0870-42E3-AC9C-5DCBD4EBD6C5}.Release|Any CPU.Build.0 = Release|Any CPU
	EndGlobalSection
	GlobalSection(SolutionProperties) = preSolution
		HideSolutionNode = FALSE
	EndGlobalSection
	GlobalSection(ExtensibilityGlobals) = postSolution
		SolutionGuid = {42BEF987-3E53-4DAF-B02F-E79A00D4657D}
	EndGlobalSection
EndGlobal
